[[package]]
category = "main"
description = "MIDI Objects for Python"
name = "mido"
optional = false
python-versions = "*"
version = "1.2.9"

[package.extras]
dev = ["check-manifest (>=0.35)", "flake8 (>=3.4.1)", "pytest (>=3.2.2)", "sphinx (>=1.6.3)", "tox (>=2.8.2)"]
ports = ["python-rtmidi (>=1.1.0)"]

[[package]]
category = "main"
description = "Monitor and control user input devices"
name = "pynput"
optional = false
python-versions = "*"
version = "1.6.8"

[package.dependencies]
pyobjc-framework-Quartz = ">=3.0"
python-xlib = ">=0.17"
six = "*"

[[package]]
category = "main"
description = "Python<->ObjC Interoperability Module"
marker = "sys_platform == \"darwin\""
name = "pyobjc-core"
optional = false
python-versions = ">=3.6"
version = "6.2.1"

[[package]]
category = "main"
description = "Wrappers for the Cocoa frameworks on macOS"
marker = "sys_platform == \"darwin\""
name = "pyobjc-framework-cocoa"
optional = false
python-versions = ">=3.6"
version = "6.2.1"

[package.dependencies]
pyobjc-core = ">=6.2.1"

[[package]]
category = "main"
description = "Wrappers for the Quartz frameworks on macOS"
marker = "sys_platform == \"darwin\""
name = "pyobjc-framework-quartz"
optional = false
python-versions = ">=3.6"
version = "6.2.1"

[package.dependencies]
pyobjc-core = ">=6.2.1"
pyobjc-framework-Cocoa = ">=6.2.1"

[[package]]
category = "main"
description = "A Python binding for the RtMidi C++ library implemented using Cython."
name = "python-rtmidi"
optional = false
python-versions = "*"
version = "1.4.1"

[[package]]
category = "main"
description = "Python X Library"
marker = "sys_platform in \"linux\""
name = "python-xlib"
optional = false
python-versions = "*"
version = "0.27"

[package.dependencies]
six = ">=1.10.0"

[[package]]
category = "main"
description = "Python 2 and 3 compatibility utilities"
name = "six"
optional = false
python-versions = ">=2.7, !=3.0.*, !=3.1.*, !=3.2.*"
version = "1.15.0"

[metadata]
content-hash = "764c227388ac7ac1d4fab28daa58f5c343d9d752841574084be9485196c2e001"
python-versions = "^3.7"

[metadata.files]
mido = [
    {file = "mido-1.2.9-py2.py3-none-any.whl", hash = "sha256:fc6364efa028c8405166f63e6a83cbc6c17aaeac2c28680abe64ae48703a89dd"},
    {file = "mido-1.2.9.tar.gz", hash = "sha256:c4a7d5528fefa3d3dcaa2056d4bc873e2c96a395658d15af5a89c8c3fa7c7acc"},
]
pynput = [
    {file = "pynput-1.6.8-py2.py3-none-any.whl", hash = "sha256:42d6d58abe401a4c98ea04e443e61f74b6b0f97672f42042f566c68700ad0c65"},
    {file = "pynput-1.6.8-py3.7.egg", hash = "sha256:dffcf42299aa25248d1a508b14f988b3a55aad8afbf42dfa3a8f259cd96bb15b"},
    {file = "pynput-1.6.8.tar.gz", hash = "sha256:68c1863d6a1520b44b6a915e866cbfa1b8d127aef9289f25183c93e28ee5049a"},
]
pyobjc-core = [
    {file = "pyobjc-core-6.2.1.tar.gz", hash = "sha256:ea9ab7839a022668964ca8ab4f37dc75c04743354260370d463ebdce5c05aa38"},
    {file = "pyobjc_core-6.2.1-cp36-cp36m-macosx_10_9_x86_64.whl", hash = "sha256:492519af43f4364aefacbe1706d55c712f3c6b73e4702a40cebf25bdf0373182"},
    {file = "pyobjc_core-6.2.1-cp37-cp37m-macosx_10_9_x86_64.whl", hash = "sha256:ce883d94a50b3fc285f39ef0286bbe8c6b50e87f310c1dea8b82996a4f4dd135"},
    {file = "pyobjc_core-6.2.1-cp38-cp38-macosx_10_9_x86_64.whl", hash = "sha256:503e42b9592dbc17cadb455fff3cfcc68caa00d3b815375ed9afb159b2722014"},
    {file = "pyobjc_core-6.2.1-cp39-cp39-macosx_10_9_x86_64.whl", hash = "sha256:e68cec4f6d069fba1b3364b983abc9dff49763b58270f01904fc80ab8e7c4051"},
]
pyobjc-framework-cocoa = [
    {file = "pyobjc-framework-Cocoa-6.2.1.tar.gz", hash = "sha256:c41dc4b590a6bd10f60d2b979508a1b02c38664b3bcb2225f914439485a1551f"},
    {file = "pyobjc_framework_Cocoa-6.2.1-cp36-cp36m-macosx_10_9_x86_64.whl", hash = "sha256:d46b8587aeea09baa998a526d741162141a12660ef57f8114fc9dd67297c6045"},
    {file = "pyobjc_framework_Cocoa-6.2.1-cp37-cp37m-macosx_10_9_x86_64.whl", hash = "sha256:4c4ecb69f17d3291562fa5adfe55a20f4a9f03e25baac7d9fbe2e54aa1f17081"},
    {file = "pyobjc_framework_Cocoa-6.2.1-cp38-cp38-macosx_10_9_x86_64.whl", hash = "sha256:94260a8366569625d5f9380b1b8c3b58a54a883a6412dcc47353f8bcce9da5b7"},
    {file = "pyobjc_framework_Cocoa-6.2.1-cp39-cp39-macosx_10_9_x86_64.whl", hash = "sha256:17737dfd80b7e89f654413b52eb934b9c180442f60c728545b5404655a05f229"},
]
pyobjc-framework-quartz = [
    {file = "pyobjc-framework-Quartz-6.2.1.tar.gz", hash = "sha256:fd97fe55c6658ab9a44c2d2a1522166329b3af64c51fd9debc6e9c216c3ac253"},
    {file = "pyobjc_framework_Quartz-6.2.1-cp36-cp36m-macosx_10_9_x86_64.whl", hash = "sha256:f6d8e6da606f505bc4eefe2299ecfb7bdf09bf69d75145de6a13d14bd42fb3ca"},
    {file = "pyobjc_framework_Quartz-6.2.1-cp37-cp37m-macosx_10_9_x86_64.whl", hash = "sha256:b16305cc6a774b530464ba5d42be9b169c83edaad6ac13605a8187db3709a2a1"},
    {file = "pyobjc_framework_Quartz-6.2.1-cp38-cp38-macosx_10_9_x86_64.whl", hash = "sha256:9d1343845e0c58a535813adcb48b9e4fef4e6ea27129c5d5426709fda4497793"},
    {file = "pyobjc_framework_Quartz-6.2.1-cp39-cp39-macosx_10_9_x86_64.whl", hash = "sha256:48f065777b678205c0a78418797ad67b0abbc61eff0749796fee2c737b044f11"},
]
python-rtmidi = [
    {file = "python-rtmidi-1.4.1.tar.gz", hash = "sha256:07bfecdbd6f1abe11f57f4448cf1da29dc199daee16ee7e5a8db092a2d1c1e2c"},
    {file = "python_rtmidi-1.4.1-cp35-cp35m-win32.whl", hash = "sha256:f9b17b293ef98dad3f0e8fc8cc63796b41a21513bbe532ac4f1188bb4b9998b9"},
    {file = "python_rtmidi-1.4.1-cp35-cp35m-win_amd64.whl", hash = "sha256:5cd46bfbe81913c48ec353130ac355fd83653a7e6c52a288e6c37627e480d42f"},
    {file = "python_rtmidi-1.4.1-cp36-cp36m-macosx_10_6_intel.whl", hash = "sha256:ffa11547cac8b49e4c55a1222b5c49cc62304f8cda816d9638395e18541e870e"},
    {file = "python_rtmidi-1.4.1-cp36-cp36m-win32.whl", hash = "sha256:b8acac2c25a2b5c52f47f5abb7fe30ed169ba34e4186026fbed29768d07ef253"},
    {file = "python_rtmidi-1.4.1-cp36-cp36m-win_amd64.whl", hash = "sha256:16f6396b8000011bc812ca58f15d87689027c06f30e10a7d53015d0c689e94d4"},
    {file = "python_rtmidi-1.4.1-cp37-cp37m-macosx_10_6_intel.whl", hash = "sha256:25d9ca48062fdce6a9cc23584af0330eadb348c5e3234413ff223fd23b12f110"},
    {file = "python_rtmidi-1.4.1-cp37-cp37m-win32.whl", hash = "sha256:92846ee22529407ffdc68c613bcc45310dedfb307ee325150ba9748634704e0c"},
    {file = "python_rtmidi-1.4.1-cp37-cp37m-win_amd64.whl", hash = "sha256:fdd5d257ce720f47e9d06b15120b1dea8772042c216771194203b5f5278db58a"},
    {file = "python_rtmidi-1.4.1-cp38-cp38-macosx_10_9_x86_64.whl", hash = "sha256:c9df96f9761990a6c19d957438b8a06d8714c46d0232cbb96b697581b9401b57"},
    {file = "python_rtmidi-1.4.1-cp38-cp38-win32.whl", hash = "sha256:a171803d47772a9dc2410a09d84eb39500c759f31c98580b0eb4a3e0e198198a"},
    {file = "python_rtmidi-1.4.1-cp38-cp38-win_amd64.whl", hash = "sha256:31a6e852486937d2eb474b1a624ecb3961279603472641832573b320adf98bf7"},
]
python-xlib = [
    {file = "python-xlib-0.27.tar.bz2", hash = "sha256:a90667c70905c6ef0754c8a09fa61acbc1e1b7ddb946d527831800d7cbfe9348"},
    {file = "python_xlib-0.27-py2.py3-none-any.whl", hash = "sha256:b251d6679796af4ddabc02b170a5c38eda41f92a83d08fdcfeef5841c6467ac7"},
]
six = [
    {file = "six-1.15.0-py2.py3-none-any.whl", hash = "sha256:8b74bedcbbbaca38ff6d7491d76f2b06b3592611af620f8426e82dddb04a5ced"},
    {file = "six-1.15.0.tar.gz", hash = "sha256:30639c035cdb23534cd4aa2dd52c3bf48f06e5f4a941509c8bafd8ce11080259"},
]
